PODS:
  - Capacitor (6.2.1):
    - CapacitorCordova
  - CapacitorApp (6.0.3):
    - Capacitor
  - CapacitorCordova (6.2.1)
  - CapacitorKeyboard (6.0.4):
    - Capacitor
  - CapacitorPushNotifications (6.0.5):
    - Capacitor
  - CapacitorSplashScreen (6.0.4):
    - Capacitor
  - CapacitorStatusBar (6.0.3):
    - Capacitor
  - CapacitorVoiceRecorder (6.0.3):
    - Capacitor
  - CordovaPlugins (6.2.1):
    - CapacitorCordova

DEPENDENCIES:
  - "Capacitor (from `../../node_modules/@capacitor/ios`)"
  - "CapacitorApp (from `../../node_modules/@capacitor/app`)"
  - "CapacitorCordova (from `../../node_modules/@capacitor/ios`)"
  - "CapacitorKeyboard (from `../../node_modules/@capacitor/keyboard`)"
  - "CapacitorPushNotifications (from `../../node_modules/@capacitor/push-notifications`)"
  - "CapacitorSplashScreen (from `../../node_modules/@capacitor/splash-screen`)"
  - "CapacitorStatusBar (from `../../node_modules/@capacitor/status-bar`)"
  - CapacitorVoiceRecorder (from `../../node_modules/capacitor-voice-recorder`)
  - CordovaPlugins (from `../capacitor-cordova-ios-plugins`)

EXTERNAL SOURCES:
  Capacitor:
    :path: "../../node_modules/@capacitor/ios"
  CapacitorApp:
    :path: "../../node_modules/@capacitor/app"
  CapacitorCordova:
    :path: "../../node_modules/@capacitor/ios"
  CapacitorKeyboard:
    :path: "../../node_modules/@capacitor/keyboard"
  CapacitorPushNotifications:
    :path: "../../node_modules/@capacitor/push-notifications"
  CapacitorSplashScreen:
    :path: "../../node_modules/@capacitor/splash-screen"
  CapacitorStatusBar:
    :path: "../../node_modules/@capacitor/status-bar"
  CapacitorVoiceRecorder:
    :path: "../../node_modules/capacitor-voice-recorder"
  CordovaPlugins:
    :path: "../capacitor-cordova-ios-plugins"

SPEC CHECKSUMS:
  Capacitor: c95400d761e376be9da6be5a05f226c0e865cebf
  CapacitorApp: a19ccb4f5f32d2534be5c6f524d5a9b614a1e8a7
  CapacitorCordova: 8d93e14982f440181be7304aa9559ca631d77fff
  CapacitorKeyboard: e8cd50fd5cbdd023a5947a5c0f5cca6e5aa5a253
  CapacitorPushNotifications: 35abece14371c57172e8321c9ccc8b6fa35fabfe
  CapacitorSplashScreen: ef140a8b1ea7244e0c245ce2dd4ce5251e7ab86a
  CapacitorStatusBar: 149cde8f1328ec3aa6cbdd872a55137ae3f98b16
  CapacitorVoiceRecorder: 27c4c998c2280571d853579f319f6f53f884bdee
  CordovaPlugins: 1d6968748cbc887909ab0ba41e3e7ca82c51cb86

PODFILE CHECKSUM: c70849e35fc1610b981c5344476f1f273a89d570

COCOAPODS: 1.16.2
